
Microsoft Visual Studio Solution File, Format Version 12.00
# Visual Studio Version 17
VisualStudioVersion = 17.2.32210.308
MinimumVisualStudioVersion = 10.0.40219.1
Project("{FAE04EC0-301F-11D3-BF4B-00C04F79EFBC}") = "WebApi23", "WebApi23\WebApi23.csproj", "{336733AE-5963-4744-81BA-F0B50AE460FA}"
EndProject
Global
	GlobalSection(SolutionConfigurationPlatforms) = preSolution
		Debug|Any CPU = Debug|Any CPU
		Release|Any CPU = Release|Any CPU
	EndGlobalSection
	GlobalSection(ProjectConfigurationPlatforms) = postSolution
		{336733AE-5963-4744-81BA-F0B50AE460FA}.Debug|Any CPU.ActiveCfg = Debug|Any CPU
		{336733AE-5963-4744-81BA-F0B50AE460FA}.Debug|Any CPU.Build.0 = Debug|Any CPU
		{336733AE-5963-4744-81BA-F0B50AE460FA}.Release|Any CPU.ActiveCfg = Release|Any CPU
		{336733AE-5963-4744-81BA-F0B50AE460FA}.Release|Any CPU.Build.0 = Release|Any CPU
	EndGlobalSection
	GlobalSection(SolutionProperties) = preSolution
		HideSolutionNode = FALSE
	EndGlobalSection
	GlobalSection(ExtensibilityGlobals) = postSolution
		SolutionGuid = {BF12D11D-0628-40F0-9B34-725EFA165650}
	EndGlobalSection
EndGlobal
