
Microsoft Visual Studio Solution File, Format Version 12.00
# Visual Studio Version 17
VisualStudioVersion = 17.2.32414.248
MinimumVisualStudioVersion = 10.0.40219.1
Project("{FAE04EC0-301F-11D3-BF4B-00C04F79EFBC}") = "WebApi30", "WebApi30\WebApi30.csproj", "{DCFAC1E0-D333-4533-8068-A744544BC11C}"
EndProject
Global
	GlobalSection(SolutionConfigurationPlatforms) = preSolution
		Debug|Any CPU = Debug|Any CPU
		Release|Any CPU = Release|Any CPU
	EndGlobalSection
	GlobalSection(ProjectConfigurationPlatforms) = postSolution
		{DCFAC1E0-D333-4533-8068-A744544BC11C}.Debug|Any CPU.ActiveCfg = Debug|Any CPU
		{DCFAC1E0-D333-4533-8068-A744544BC11C}.Debug|Any CPU.Build.0 = Debug|Any CPU
		{DCFAC1E0-D333-4533-8068-A744544BC11C}.Release|Any CPU.ActiveCfg = Release|Any CPU
		{DCFAC1E0-D333-4533-8068-A744544BC11C}.Release|Any CPU.Build.0 = Release|Any CPU
	EndGlobalSection
	GlobalSection(SolutionProperties) = preSolution
		HideSolutionNode = FALSE
	EndGlobalSection
	GlobalSection(ExtensibilityGlobals) = postSolution
		SolutionGuid = {FA246E31-1856-48CD-892A-DD9F3C35189E}
	EndGlobalSection
EndGlobal
