
Microsoft Visual Studio Solution File, Format Version 12.00
# Visual Studio Version 17
VisualStudioVersion = 17.2.32210.308
MinimumVisualStudioVersion = 10.0.40219.1
Project("{FAE04EC0-301F-11D3-BF4B-00C04F79EFBC}") = "WebApi24", "WebApi24\WebApi24.csproj", "{9C43B514-B89C-4B5E-A5FF-2453808A97F2}"
EndProject
Global
	GlobalSection(SolutionConfigurationPlatforms) = preSolution
		Debug|Any CPU = Debug|Any CPU
		Release|Any CPU = Release|Any CPU
	EndGlobalSection
	GlobalSection(ProjectConfigurationPlatforms) = postSolution
		{9C43B514-B89C-4B5E-A5FF-2453808A97F2}.Debug|Any CPU.ActiveCfg = Debug|Any CPU
		{9C43B514-B89C-4B5E-A5FF-2453808A97F2}.Debug|Any CPU.Build.0 = Debug|Any CPU
		{9C43B514-B89C-4B5E-A5FF-2453808A97F2}.Release|Any CPU.ActiveCfg = Release|Any CPU
		{9C43B514-B89C-4B5E-A5FF-2453808A97F2}.Release|Any CPU.Build.0 = Release|Any CPU
	EndGlobalSection
	GlobalSection(SolutionProperties) = preSolution
		HideSolutionNode = FALSE
	EndGlobalSection
	GlobalSection(ExtensibilityGlobals) = postSolution
		SolutionGuid = {47649F22-8CAA-48D5-9B1F-C0131EA68E0F}
	EndGlobalSection
EndGlobal
