
Microsoft Visual Studio Solution File, Format Version 12.00
# Visual Studio Version 17
VisualStudioVersion = 17.2.32414.248
MinimumVisualStudioVersion = 10.0.40219.1
Project("{FAE04EC0-301F-11D3-BF4B-00C04F79EFBC}") = "WebApi33", "WebApi33\WebApi33.csproj", "{465A6761-5318-4099-BE44-60D505F1DE0B}"
EndProject
Global
	GlobalSection(SolutionConfigurationPlatforms) = preSolution
		Debug|Any CPU = Debug|Any CPU
		Release|Any CPU = Release|Any CPU
	EndGlobalSection
	GlobalSection(ProjectConfigurationPlatforms) = postSolution
		{465A6761-5318-4099-BE44-60D505F1DE0B}.Debug|Any CPU.ActiveCfg = Debug|Any CPU
		{465A6761-5318-4099-BE44-60D505F1DE0B}.Debug|Any CPU.Build.0 = Debug|Any CPU
		{465A6761-5318-4099-BE44-60D505F1DE0B}.Release|Any CPU.ActiveCfg = Release|Any CPU
		{465A6761-5318-4099-BE44-60D505F1DE0B}.Release|Any CPU.Build.0 = Release|Any CPU
	EndGlobalSection
	GlobalSection(SolutionProperties) = preSolution
		HideSolutionNode = FALSE
	EndGlobalSection
	GlobalSection(ExtensibilityGlobals) = postSolution
		SolutionGuid = {1AEFF247-2EF8-4485-82A1-DE6D7D54B3AA}
	EndGlobalSection
EndGlobal
