
Microsoft Visual Studio Solution File, Format Version 12.00
# Visual Studio Version 17
VisualStudioVersion = 17.2.32414.248
MinimumVisualStudioVersion = 10.0.40219.1
Project("{FAE04EC0-301F-11D3-BF4B-00C04F79EFBC}") = "WebApi35", "WebApi35\WebApi35.csproj", "{ED4CDAE9-F84A-42D7-A2AB-EB4220E82BE6}"
EndProject
Global
	GlobalSection(SolutionConfigurationPlatforms) = preSolution
		Debug|Any CPU = Debug|Any CPU
		Release|Any CPU = Release|Any CPU
	EndGlobalSection
	GlobalSection(ProjectConfigurationPlatforms) = postSolution
		{ED4CDAE9-F84A-42D7-A2AB-EB4220E82BE6}.Debug|Any CPU.ActiveCfg = Debug|Any CPU
		{ED4CDAE9-F84A-42D7-A2AB-EB4220E82BE6}.Debug|Any CPU.Build.0 = Debug|Any CPU
		{ED4CDAE9-F84A-42D7-A2AB-EB4220E82BE6}.Release|Any CPU.ActiveCfg = Release|Any CPU
		{ED4CDAE9-F84A-42D7-A2AB-EB4220E82BE6}.Release|Any CPU.Build.0 = Release|Any CPU
	EndGlobalSection
	GlobalSection(SolutionProperties) = preSolution
		HideSolutionNode = FALSE
	EndGlobalSection
	GlobalSection(ExtensibilityGlobals) = postSolution
		SolutionGuid = {B274646A-7153-4B18-96EF-B69E4A5EAD02}
	EndGlobalSection
EndGlobal
