
Microsoft Visual Studio Solution File, Format Version 12.00
# Visual Studio Version 17
VisualStudioVersion = 17.2.32422.2
MinimumVisualStudioVersion = 10.0.40219.1
Project("{FAE04EC0-301F-11D3-BF4B-00C04F79EFBC}") = "WebApi38", "WebApi38\WebApi38.csproj", "{F34F2FBB-5FD9-42A6-A8C8-8679C9A910C8}"
EndProject
Global
	GlobalSection(SolutionConfigurationPlatforms) = preSolution
		Debug|Any CPU = Debug|Any CPU
		Release|Any CPU = Release|Any CPU
	EndGlobalSection
	GlobalSection(ProjectConfigurationPlatforms) = postSolution
		{F34F2FBB-5FD9-42A6-A8C8-8679C9A910C8}.Debug|Any CPU.ActiveCfg = Debug|Any CPU
		{F34F2FBB-5FD9-42A6-A8C8-8679C9A910C8}.Debug|Any CPU.Build.0 = Debug|Any CPU
		{F34F2FBB-5FD9-42A6-A8C8-8679C9A910C8}.Release|Any CPU.ActiveCfg = Release|Any CPU
		{F34F2FBB-5FD9-42A6-A8C8-8679C9A910C8}.Release|Any CPU.Build.0 = Release|Any CPU
	EndGlobalSection
	GlobalSection(SolutionProperties) = preSolution
		HideSolutionNode = FALSE
	EndGlobalSection
	GlobalSection(ExtensibilityGlobals) = postSolution
		SolutionGuid = {029A175F-CBFC-4DC7-B85B-3449F566A0CF}
	EndGlobalSection
EndGlobal
