
Microsoft Visual Studio Solution File, Format Version 12.00
# Visual Studio Version 17
VisualStudioVersion = 17.2.32414.248
MinimumVisualStudioVersion = 10.0.40219.1
Project("{FAE04EC0-301F-11D3-BF4B-00C04F79EFBC}") = "WebApi31", "WebApi31\WebApi31.csproj", "{D4F76548-8AEB-4934-A64A-A8C874C08E8A}"
EndProject
Global
	GlobalSection(SolutionConfigurationPlatforms) = preSolution
		Debug|Any CPU = Debug|Any CPU
		Release|Any CPU = Release|Any CPU
	EndGlobalSection
	GlobalSection(ProjectConfigurationPlatforms) = postSolution
		{D4F76548-8AEB-4934-A64A-A8C874C08E8A}.Debug|Any CPU.ActiveCfg = Debug|Any CPU
		{D4F76548-8AEB-4934-A64A-A8C874C08E8A}.Debug|Any CPU.Build.0 = Debug|Any CPU
		{D4F76548-8AEB-4934-A64A-A8C874C08E8A}.Release|Any CPU.ActiveCfg = Release|Any CPU
		{D4F76548-8AEB-4934-A64A-A8C874C08E8A}.Release|Any CPU.Build.0 = Release|Any CPU
	EndGlobalSection
	GlobalSection(SolutionProperties) = preSolution
		HideSolutionNode = FALSE
	EndGlobalSection
	GlobalSection(ExtensibilityGlobals) = postSolution
		SolutionGuid = {230BDA47-2127-4905-95A7-0D91642EC28B}
	EndGlobalSection
EndGlobal
