
Microsoft Visual Studio Solution File, Format Version 12.00
# Visual Studio Version 17
VisualStudioVersion = 17.1.31911.260
MinimumVisualStudioVersion = 10.0.40219.1
Project("{FAE04EC0-301F-11D3-BF4B-00C04F79EFBC}") = "WebApi015", "WebApi015\WebApi015.csproj", "{94A93844-3224-4F4A-AA6C-5B2544DA17FB}"
EndProject
Global
	GlobalSection(SolutionConfigurationPlatforms) = preSolution
		Debug|Any CPU = Debug|Any CPU
		Release|Any CPU = Release|Any CPU
	EndGlobalSection
	GlobalSection(ProjectConfigurationPlatforms) = postSolution
		{94A93844-3224-4F4A-AA6C-5B2544DA17FB}.Debug|Any CPU.ActiveCfg = Debug|Any CPU
		{94A93844-3224-4F4A-AA6C-5B2544DA17FB}.Debug|Any CPU.Build.0 = Debug|Any CPU
		{94A93844-3224-4F4A-AA6C-5B2544DA17FB}.Release|Any CPU.ActiveCfg = Release|Any CPU
		{94A93844-3224-4F4A-AA6C-5B2544DA17FB}.Release|Any CPU.Build.0 = Release|Any CPU
	EndGlobalSection
	GlobalSection(SolutionProperties) = preSolution
		HideSolutionNode = FALSE
	EndGlobalSection
	GlobalSection(ExtensibilityGlobals) = postSolution
		SolutionGuid = {90ECD880-FCA0-4790-9308-972E28F2D4E2}
	EndGlobalSection
EndGlobal
