
Microsoft Visual Studio Solution File, Format Version 12.00
# Visual Studio Version 17
VisualStudioVersion = 17.2.32422.2
MinimumVisualStudioVersion = 10.0.40219.1
Project("{FAE04EC0-301F-11D3-BF4B-00C04F79EFBC}") = "WebApi44", "WebApi44\WebApi44.csproj", "{FAD1566C-FE60-4071-B8CC-247A24BE899C}"
EndProject
Global
	GlobalSection(SolutionConfigurationPlatforms) = preSolution
		Debug|Any CPU = Debug|Any CPU
		Release|Any CPU = Release|Any CPU
	EndGlobalSection
	GlobalSection(ProjectConfigurationPlatforms) = postSolution
		{FAD1566C-FE60-4071-B8CC-247A24BE899C}.Debug|Any CPU.ActiveCfg = Debug|Any CPU
		{FAD1566C-FE60-4071-B8CC-247A24BE899C}.Debug|Any CPU.Build.0 = Debug|Any CPU
		{FAD1566C-FE60-4071-B8CC-247A24BE899C}.Release|Any CPU.ActiveCfg = Release|Any CPU
		{FAD1566C-FE60-4071-B8CC-247A24BE899C}.Release|Any CPU.Build.0 = Release|Any CPU
	EndGlobalSection
	GlobalSection(SolutionProperties) = preSolution
		HideSolutionNode = FALSE
	EndGlobalSection
	GlobalSection(ExtensibilityGlobals) = postSolution
		SolutionGuid = {4171DC1F-158C-4BB2-B1B4-EF4CC1947AA0}
	EndGlobalSection
EndGlobal
