
Microsoft Visual Studio Solution File, Format Version 12.00
# Visual Studio Version 17
VisualStudioVersion = 17.2.32422.2
MinimumVisualStudioVersion = 10.0.40219.1
Project("{FAE04EC0-301F-11D3-BF4B-00C04F79EFBC}") = "WebApi37", "WebApi37\WebApi37.csproj", "{F61F2B72-864B-4AB0-9D9F-16D005CEF7FB}"
EndProject
Global
	GlobalSection(SolutionConfigurationPlatforms) = preSolution
		Debug|Any CPU = Debug|Any CPU
		Release|Any CPU = Release|Any CPU
	EndGlobalSection
	GlobalSection(ProjectConfigurationPlatforms) = postSolution
		{F61F2B72-864B-4AB0-9D9F-16D005CEF7FB}.Debug|Any CPU.ActiveCfg = Debug|Any CPU
		{F61F2B72-864B-4AB0-9D9F-16D005CEF7FB}.Debug|Any CPU.Build.0 = Debug|Any CPU
		{F61F2B72-864B-4AB0-9D9F-16D005CEF7FB}.Release|Any CPU.ActiveCfg = Release|Any CPU
		{F61F2B72-864B-4AB0-9D9F-16D005CEF7FB}.Release|Any CPU.Build.0 = Release|Any CPU
	EndGlobalSection
	GlobalSection(SolutionProperties) = preSolution
		HideSolutionNode = FALSE
	EndGlobalSection
	GlobalSection(ExtensibilityGlobals) = postSolution
		SolutionGuid = {3FD3C720-3A0B-4013-B3B3-FF4EA4869051}
	EndGlobalSection
EndGlobal
